# Hash-pinned lockfile for requirements.txt
# IN-080 ROOT FIX: supply-chain integrity via sha256 hashes.
# Install with: pip install --require-hashes -r requirements.lock
# Regenerate with: python scripts/generate_lockfiles.py
# WARNING: pins DIRECT deps only. For full transitive resolution,
# use: pip-compile --generate-hashes requirements.txt -o requirements.lock

requests>=2.31.0,<3.0 \
    --hash=sha256:2a0d60c172f83ac6ab31e4554906c0f3b3588d37b5cb939b1c061f4907e278e0

pandas>=2.1.4,<3.0 \
    --hash=sha256:b3d11d2fda7eb164ef27ffc14b4fcab16a80e1ce67e9f57e19ec0afaf715ba89

numpy>=1.26.3,<3.0 \
    --hash=sha256:59fda5e192b570217ec2580c96f00e9a7e12ef6866a900eb089b62c1a32545ca

rdkit>=2024.3.1,<2025.0 \
    --hash=sha256:82e91020e700979f6fc94a4722b47d770912d54cd9accb1c85961c57550cb945

sqlalchemy>=2.0.25,<3.0 \
    --hash=sha256:1d21ce524ab86c23046e992a5b81cb54c21079c6df6e78b8fc77d77cac70a6b9

psycopg2-binary>=2.9.9,<3.0 \
    --hash=sha256:9fe06d93e72f1c048e731a2e3e7854a5bfaa58fc736068df90b352cefe66f03f

lxml>=5.1.0,<6.0 \
    --hash=sha256:79d5bfa9c1b455336f52343130b2067164040604e41f6dc4d8313867ed540079

apache-airflow==2.10.5 \
    --hash=sha256:4c6d19159bcd85f496fbea70db72ef55d32335f80e4ffb82ae3c252782079ca0

rapidfuzz>=3.6.1,<4.0 \
    --hash=sha256:48bee0b91bebfaec41e1081e351000659ab7570cc4598d617aa04d5bf827f9e6

python-dotenv>=1.0.0,<2.0 \
    --hash=sha256:1d8214789a24de455a8b8bd8ae6fe3c6b69a5e3d64aa8a8e5d68e694bbcb285a

fastapi>=0.110,<1.0 \
    --hash=sha256:b9ad015a835173d59865e2f5d8296fbc2b317bf56a2ba1a5bfbdd03de2fd4b1c

uvicorn[standard]>=0.27,<1.0 \
    --hash=sha256:5d38af6cd620f2ae3849fb44fd4879e0890aa1febe8d47eb355fb45d93fe6a5b

filelock>=3.10,<4.0 \
    --hash=sha256:739b73e580fe88bb78d830aeddbc492519ece3d97ac8368de13a2032c61010c1

pyarrow>=14.0.0,<18.0 \
    --hash=sha256:b0c6ac301093b42d34410b187bba560b17c0330f64907bfa4f7f7f2444b0cf9b

